
Microsoft Visual Studio Solution File, Format Version 12.00
# Visual Studio Version 17
VisualStudioVersion = 17.9.34714.143
MinimumVisualStudioVersion = 10.0.40219.1
Project("{2150E333-8FDC-42A3-9474-1A3956D46DE8}") = "BookingService", "BookingService", "{A33F39D6-A80C-4C26-82C2-AAFFA48AC389}"
EndProject
Project("{2150E333-8FDC-42A3-9474-1A3956D46DE8}") = "Adapters", "Adapters", "{83F73A08-1531-4E11-9EAB-AC82D96E3D29}"
EndProject
Project("{2150E333-8FDC-42A3-9474-1A3956D46DE8}") = "Consumers", "Consumers", "{BE156F66-F505-4D72-A7FA-35D6E6A03EBB}"
EndProject
Project("{2150E333-8FDC-42A3-9474-1A3956D46DE8}") = "PaymentService", "PaymentService", "{5A60F07E-91FC-4307-A0D5-DF44167E3AE5}"
EndProject
Project("{2150E333-8FDC-42A3-9474-1A3956D46DE8}") = "Core", "Core", "{9AD0D1EA-DA82-4B1F-A352-5E54B99C6A85}"
EndProject
Project("{2150E333-8FDC-42A3-9474-1A3956D46DE8}") = "Tests", "Tests", "{A7C2C367-BC1F-4A93-803C-38A0C67CF303}"
EndProject
Project("{2150E333-8FDC-42A3-9474-1A3956D46DE8}") = "Application", "Application", "{C26DFB4D-08CD-4C51-9A7D-27467167D8A0}"
EndProject
Project("{2150E333-8FDC-42A3-9474-1A3956D46DE8}") = "Domain", "Domain", "{F302E229-018F-41B6-AE35-2FC561E02B7E}"
EndProject
Project("{FAE04EC0-301F-11D3-BF4B-00C04F79EFBC}") = "Domain", "BookingService\Core\Domain\Domain\Domain.csproj", "{9EF840A3-CDCE-4D66-AB14-79751686E8B8}"
EndProject
Project("{2150E333-8FDC-42A3-9474-1A3956D46DE8}") = "Booking", "Booking", "{4FBE7EA2-0654-4ED4-8324-298F8491C716}"
EndProject
Project("{2150E333-8FDC-42A3-9474-1A3956D46DE8}") = "Guest", "Guest", "{8C880E17-E7D4-4D5B-AEA4-802CA4F6BACD}"
EndProject
Project("{2150E333-8FDC-42A3-9474-1A3956D46DE8}") = "Payment", "Payment", "{B3EBA156-80EC-480A-8EDC-74CAAE3FB7DE}"
EndProject
Project("{2150E333-8FDC-42A3-9474-1A3956D46DE8}") = "Room", "Room", "{A167A78E-F018-400D-B649-65F5CBED5283}"
EndProject
Project("{2150E333-8FDC-42A3-9474-1A3956D46DE8}") = "Dtos", "Dtos", "{7C2233E0-18F0-41CB-80BE-D781D02EE07E}"
EndProject
Project("{2150E333-8FDC-42A3-9474-1A3956D46DE8}") = "Ports", "Ports", "{4C3D6A2A-262E-40E1-8E4F-731CA72F9BE1}"
EndProject
Project("{2150E333-8FDC-42A3-9474-1A3956D46DE8}") = "Responses", "Responses", "{4778127A-4D13-4EF5-8976-88A1039F85B1}"
EndProject
Project("{2150E333-8FDC-42A3-9474-1A3956D46DE8}") = "Dtos", "Dtos", "{02422F06-0635-45D9-BE44-EACA2C6AF419}"
EndProject
Project("{2150E333-8FDC-42A3-9474-1A3956D46DE8}") = "Ports", "Ports", "{DAB121C8-9D50-441C-BF3E-81D9890913CB}"
EndProject
Project("{2150E333-8FDC-42A3-9474-1A3956D46DE8}") = "Responses", "Responses", "{AE809ACF-25DC-423D-BAB3-A15E9584A9FC}"
EndProject
Project("{2150E333-8FDC-42A3-9474-1A3956D46DE8}") = "Dtos", "Dtos", "{01656388-028E-43F2-9A23-B0363222E4DB}"
EndProject
Project("{2150E333-8FDC-42A3-9474-1A3956D46DE8}") = "Ports", "Ports", "{1C74F304-CA43-4C75-85D4-81D48100CFBC}"
EndProject
Project("{2150E333-8FDC-42A3-9474-1A3956D46DE8}") = "Responses", "Responses", "{CE4717A1-A631-4314-9E8F-558C961DD914}"
EndProject
Project("{2150E333-8FDC-42A3-9474-1A3956D46DE8}") = "Responses", "Responses", "{87FAB181-C67B-4058-A315-31CDA13F5571}"
EndProject
Project("{2150E333-8FDC-42A3-9474-1A3956D46DE8}") = "Dtos", "Dtos", "{E04E21D5-846A-4A68-A3B5-F6390EA8E888}"
EndProject
Project("{2150E333-8FDC-42A3-9474-1A3956D46DE8}") = "Ports", "Ports", "{F47F6CA2-20C2-444E-BC2E-B77763AB7324}"
EndProject
Project("{2150E333-8FDC-42A3-9474-1A3956D46DE8}") = "Requests", "Requests", "{B3F401A3-644E-45DB-9A25-6B0E1E6D8599}"
EndProject
Project("{FAE04EC0-301F-11D3-BF4B-00C04F79EFBC}") = "Application", "BookingService\Core\Application\Application\Application.csproj", "{441D65CC-4693-47BC-84B5-461277E273E7}"
EndProject
Global
	GlobalSection(SolutionConfigurationPlatforms) = preSolution
		Debug|Any CPU = Debug|Any CPU
		Release|Any CPU = Release|Any CPU
	EndGlobalSection
	GlobalSection(ProjectConfigurationPlatforms) = postSolution
		{9EF840A3-CDCE-4D66-AB14-79751686E8B8}.Debug|Any CPU.ActiveCfg = Debug|Any CPU
		{9EF840A3-CDCE-4D66-AB14-79751686E8B8}.Debug|Any CPU.Build.0 = Debug|Any CPU
		{9EF840A3-CDCE-4D66-AB14-79751686E8B8}.Release|Any CPU.ActiveCfg = Release|Any CPU
		{9EF840A3-CDCE-4D66-AB14-79751686E8B8}.Release|Any CPU.Build.0 = Release|Any CPU
		{441D65CC-4693-47BC-84B5-461277E273E7}.Debug|Any CPU.ActiveCfg = Debug|Any CPU
		{441D65CC-4693-47BC-84B5-461277E273E7}.Debug|Any CPU.Build.0 = Debug|Any CPU
		{441D65CC-4693-47BC-84B5-461277E273E7}.Release|Any CPU.ActiveCfg = Release|Any CPU
		{441D65CC-4693-47BC-84B5-461277E273E7}.Release|Any CPU.Build.0 = Release|Any CPU
	EndGlobalSection
	GlobalSection(SolutionProperties) = preSolution
		HideSolutionNode = FALSE
	EndGlobalSection
	GlobalSection(NestedProjects) = preSolution
		{83F73A08-1531-4E11-9EAB-AC82D96E3D29} = {A33F39D6-A80C-4C26-82C2-AAFFA48AC389}
		{BE156F66-F505-4D72-A7FA-35D6E6A03EBB} = {A33F39D6-A80C-4C26-82C2-AAFFA48AC389}
		{9AD0D1EA-DA82-4B1F-A352-5E54B99C6A85} = {A33F39D6-A80C-4C26-82C2-AAFFA48AC389}
		{A7C2C367-BC1F-4A93-803C-38A0C67CF303} = {A33F39D6-A80C-4C26-82C2-AAFFA48AC389}
		{C26DFB4D-08CD-4C51-9A7D-27467167D8A0} = {9AD0D1EA-DA82-4B1F-A352-5E54B99C6A85}
		{F302E229-018F-41B6-AE35-2FC561E02B7E} = {9AD0D1EA-DA82-4B1F-A352-5E54B99C6A85}
		{9EF840A3-CDCE-4D66-AB14-79751686E8B8} = {F302E229-018F-41B6-AE35-2FC561E02B7E}
		{4FBE7EA2-0654-4ED4-8324-298F8491C716} = {C26DFB4D-08CD-4C51-9A7D-27467167D8A0}
		{8C880E17-E7D4-4D5B-AEA4-802CA4F6BACD} = {C26DFB4D-08CD-4C51-9A7D-27467167D8A0}
		{B3EBA156-80EC-480A-8EDC-74CAAE3FB7DE} = {C26DFB4D-08CD-4C51-9A7D-27467167D8A0}
		{A167A78E-F018-400D-B649-65F5CBED5283} = {C26DFB4D-08CD-4C51-9A7D-27467167D8A0}
		{7C2233E0-18F0-41CB-80BE-D781D02EE07E} = {4FBE7EA2-0654-4ED4-8324-298F8491C716}
		{4C3D6A2A-262E-40E1-8E4F-731CA72F9BE1} = {4FBE7EA2-0654-4ED4-8324-298F8491C716}
		{4778127A-4D13-4EF5-8976-88A1039F85B1} = {4FBE7EA2-0654-4ED4-8324-298F8491C716}
		{02422F06-0635-45D9-BE44-EACA2C6AF419} = {8C880E17-E7D4-4D5B-AEA4-802CA4F6BACD}
		{DAB121C8-9D50-441C-BF3E-81D9890913CB} = {8C880E17-E7D4-4D5B-AEA4-802CA4F6BACD}
		{AE809ACF-25DC-423D-BAB3-A15E9584A9FC} = {8C880E17-E7D4-4D5B-AEA4-802CA4F6BACD}
		{01656388-028E-43F2-9A23-B0363222E4DB} = {B3EBA156-80EC-480A-8EDC-74CAAE3FB7DE}
		{1C74F304-CA43-4C75-85D4-81D48100CFBC} = {B3EBA156-80EC-480A-8EDC-74CAAE3FB7DE}
		{CE4717A1-A631-4314-9E8F-558C961DD914} = {B3EBA156-80EC-480A-8EDC-74CAAE3FB7DE}
		{87FAB181-C67B-4058-A315-31CDA13F5571} = {A167A78E-F018-400D-B649-65F5CBED5283}
		{E04E21D5-846A-4A68-A3B5-F6390EA8E888} = {A167A78E-F018-400D-B649-65F5CBED5283}
		{F47F6CA2-20C2-444E-BC2E-B77763AB7324} = {A167A78E-F018-400D-B649-65F5CBED5283}
		{B3F401A3-644E-45DB-9A25-6B0E1E6D8599} = {8C880E17-E7D4-4D5B-AEA4-802CA4F6BACD}
		{441D65CC-4693-47BC-84B5-461277E273E7} = {C26DFB4D-08CD-4C51-9A7D-27467167D8A0}
	EndGlobalSection
	GlobalSection(ExtensibilityGlobals) = postSolution
		SolutionGuid = {D1B65E77-864B-45EA-92D7-5EEB658A46AF}
	EndGlobalSection
EndGlobal
